// !$*UTF8*$!
{
	archiveVersion = 1;
	classes = {
	};
	objectVersion = 50;
	objects = {

/* Begin PBXBuildFile section */
		6B8D3EC0246BD83E0018E7F8 /* FootprintEstimation.swift in Sources */ = {isa = PBXBuildFile; fileRef = 6B8D3EBF246BD83E0018E7F8 /* FootprintEstimation.swift */; };
		6B8D92722462C08B00D14126 /* AppDelegate.swift in Sources */ = {isa = PBXBuildFile; fileRef = 6B8D92712462C08B00D14126 /* AppDelegate.swift */; };
		6B8D92742462C08B00D14126 /* SceneDelegate.swift in Sources */ = {isa = PBXBuildFile; fileRef = 6B8D92732462C08B00D14126 /* SceneDelegate.swift */; };
		6B8D92762462C08B00D14126 /* ContentView.swift in Sources */ = {isa = PBXBuildFile; fileRef = 6B8D92752462C08B00D14126 /* ContentView.swift */; };
		6B8D92782462C08C00D14126 /* Assets.xcassets in Resources */ = {isa = PBXBuildFile; fileRef = 6B8D92772462C08C00D14126 /* Assets.xcassets */; };
		6B8D927B2462C08C00D14126 /* Preview Assets.xcassets in Resources */ = {isa = PBXBuildFile; fileRef = 6B8D927A2462C08C00D14126 /* Preview Assets.xcassets */; };
		6B8D927E2462C08C00D14126 /* LaunchScreen.storyboard in Resources */ = {isa = PBXBuildFile; fileRef = 6B8D927C2462C08C00D14126 /* LaunchScreen.storyboard */; };
		6BA328A52472B44C0034F032 /* Chart.swift in Sources */ = {isa = PBXBuildFile; fileRef = 6BA328A42472B44C0034F032 /* Chart.swift */; };
/* End PBXBuildFile section */

/* Begin PBXFileReference section */
		6B8D3EBF246BD83E0018E7F8 /* FootprintEstimation.swift */ = {isa = PBXFileReference; lastKnownFileType = sourcecode.swift; path = FootprintEstimation.swift; sourceTree = "<group>"; };
		6B8D926E2462C08B00D14126 /* DemoRepoCommun.app */ = {isa = PBXFileReference; explicitFileType = wrapper.application; includeInIndex = 0; path = DemoRepoCommun.app; sourceTree = BUILT_PRODUCTS_DIR; };
		6B8D92712462C08B00D14126 /* AppDelegate.swift */ = {isa = PBXFileReference; lastKnownFileType = sourcecode.swift; path = AppDelegate.swift; sourceTree = "<group>"; };
		6B8D92732462C08B00D14126 /* SceneDelegate.swift */ = {isa = PBXFileReference; lastKnownFileType = sourcecode.swift; path = SceneDelegate.swift; sourceTree = "<group>"; };
		6B8D92752462C08B00D14126 /* ContentView.swift */ = {isa = PBXFileReference; lastKnownFileType = sourcecode.swift; path = ContentView.swift; sourceTree = "<group>"; };
		6B8D92772462C08C00D14126 /* Assets.xcassets */ = {isa = PBXFileReference; lastKnownFileType = folder.assetcatalog; path = Assets.xcassets; sourceTree = "<group>"; };
		6B8D927A2462C08C00D14126 /* Preview Assets.xcassets */ = {isa = PBXFileReference; lastKnownFileType = folder.assetcatalog; path = "Preview Assets.xcassets"; sourceTree = "<group>"; };
		6B8D927D2462C08C00D14126 /* Base */ = {isa = PBXFileReference; lastKnownFileType = file.storyboard; name = Base; path = Base.lproj/LaunchScreen.storyboard; sourceTree = "<group>"; };
		6B8D927F2462C08C00D14126 /* Info.plist */ = {isa = PBXFileReference; lastKnownFileType = text.plist.xml; path = Info.plist; sourceTree = "<group>"; };
		6BA328A42472B44C0034F032 /* Chart.swift */ = {isa = PBXFileReference; lastKnownFileType = sourcecode.swift; path = Chart.swift; sourceTree = "<group>"; };
/* End PBXFileReference section */

/* Begin PBXFrameworksBuildPhase section */
		6B8D926B2462C08B00D14126 /* Frameworks */ = {
			isa = PBXFrameworksBuildPhase;
			buildActionMask = 2147483647;
			files = (
			);
			runOnlyForDeploymentPostprocessing = 0;
		};
/* End PBXFrameworksBuildPhase section */

/* Begin PBXGroup section */
		6B8D92652462C08B00D14126 = {
			isa = PBXGroup;
			children = (
				6B8D92702462C08B00D14126 /* DemoRepoCommun */,
				6B8D926F2462C08B00D14126 /* Products */,
			);
			sourceTree = "<group>";
		};
		6B8D926F2462C08B00D14126 /* Products */ = {
			isa = PBXGroup;
			children = (
				6B8D926E2462C08B00D14126 /* DemoRepoCommun.app */,
			);
			name = Products;
			sourceTree = "<group>";
		};
		6B8D92702462C08B00D14126 /* DemoRepoCommun */ = {
			isa = PBXGroup;
			children = (
				6B8D92712462C08B00D14126 /* AppDelegate.swift */,
				6B8D92732462C08B00D14126 /* SceneDelegate.swift */,
				6BD9DCF52471D4F100B62CC9 /* Controller */,
				6B8D92752462C08B00D14126 /* ContentView.swift */,
				6BA328A42472B44C0034F032 /* Chart.swift */,
				6B8D3EBF246BD83E0018E7F8 /* FootprintEstimation.swift */,
				6BD9DCF32471D4D800B62CC9 /* Model */,
				6B8D92772462C08C00D14126 /* Assets.xcassets */,
				6B8D927C2462C08C00D14126 /* LaunchScreen.storyboard */,
				6B8D927F2462C08C00D14126 /* Info.plist */,
				6BD9DCF42471D4E200B62CC9 /* View */,
				6B8D92792462C08C00D14126 /* Preview Content */,
			);
			path = DemoRepoCommun;
			sourceTree = "<group>";
		};
		6B8D92792462C08C00D14126 /* Preview Content */ = {
			isa = PBXGroup;
			children = (
				6B8D927A2462C08C00D14126 /* Preview Assets.xcassets */,
			);
			path = "Preview Content";
			sourceTree = "<group>";
		};
		6BD9DCF32471D4D800B62CC9 /* Model */ = {
			isa = PBXGroup;
			children = (
			);
			path = Model;
			sourceTree = "<group>";
		};
		6BD9DCF42471D4E200B62CC9 /* View */ = {
			isa = PBXGroup;
			children = (
			);
			path = View;
			sourceTree = "<group>";
		};
		6BD9DCF52471D4F100B62CC9 /* Controller */ = {
			isa = PBXGroup;
			children = (
			);
			path = Controller;
			sourceTree = "<group>";
		};
/* End PBXGroup section */

/* Begin PBXNativeTarget section */
		6B8D926D2462C08B00D14126 /* DemoRepoCommun */ = {
			isa = PBXNativeTarget;
			buildConfigurationList = 6B8D92822462C08C00D14126 /* Build configuration list for PBXNativeTarget "DemoRepoCommun" */;
			buildPhases = (
				6B8D926A2462C08B00D14126 /* Sources */,
				6B8D926B2462C08B00D14126 /* Frameworks */,
				6B8D926C2462C08B00D14126 /* Resources */,
			);
			buildRules = (
			);
			dependencies = (
			);
			name = DemoRepoCommun;
			productName = DemoRepoCommun;
			productReference = 6B8D926E2462C08B00D14126 /* DemoRepoCommun.app */;
			productType = "com.apple.product-type.application";
		};
/* End PBXNativeTarget section */

/* Begin PBXProject section */
		6B8D92662462C08B00D14126 /* Project object */ = {
			isa = PBXProject;
			attributes = {
				LastSwiftUpdateCheck = 1140;
				LastUpgradeCheck = 1140;
				ORGANIZATIONNAME = AFP;
				TargetAttributes = {
					6B8D926D2462C08B00D14126 = {
						CreatedOnToolsVersion = 11.4.1;
					};
				};
			};
			buildConfigurationList = 6B8D92692462C08B00D14126 /* Build configuration list for PBXProject "DemoRepoCommun" */;
			compatibilityVersion = "Xcode 9.3";
			developmentRegion = en;
			hasScannedForEncodings = 0;
			knownRegions = (
				en,
				Base,
			);
			mainGroup = 6B8D92652462C08B00D14126;
			productRefGroup = 6B8D926F2462C08B00D14126 /* Products */;
			projectDirPath = "";
			projectRoot = "";
			targets = (
				6B8D926D2462C08B00D14126 /* DemoRepoCommun */,
			);
		};
/* End PBXProject section */

/* Begin PBXResourcesBuildPhase section */
		6B8D926C2462C08B00D14126 /* Resources */ = {
			isa = PBXResourcesBuildPhase;
			buildActionMask = 2147483647;
			files = (
				6B8D927E2462C08C00D14126 /* LaunchScreen.storyboard in Resources */,
				6B8D927B2462C08C00D14126 /* Preview Assets.xcassets in Resources */,
				6B8D92782462C08C00D14126 /* Assets.xcassets in Resources */,
			);
			runOnlyForDeploymentPostprocessing = 0;
		};
/* End PBXResourcesBuildPhase section */

/* Begin PBXSourcesBuildPhase section */
		6B8D926A2462C08B00D14126 /* Sources */ = {
			isa = PBXSourcesBuildPhase;
			buildActionMask = 2147483647;
			files = (
				6BA328A52472B44C0034F032 /* Chart.swift in Sources */,
				6B8D92722462C08B00D14126 /* AppDelegate.swift in Sources */,
				6B8D92742462C08B00D14126 /* SceneDelegate.swift in Sources */,
				6B8D3EC0246BD83E0018E7F8 /* FootprintEstimation.swift in Sources */,
				6B8D92762462C08B00D14126 /* ContentView.swift in Sources */,
			);
			runOnlyForDeploymentPostprocessing = 0;
		};
/* End PBXSourcesBuildPhase section */

/* Begin PBXVariantGroup section */
		6B8D927C2462C08C00D14126 /* LaunchScreen.storyboard */ = {
			isa = PBXVariantGroup;
			children = (
				6B8D927D2462C08C00D14126 /* Base */,
			);
			name = LaunchScreen.storyboard;
			sourceTree = "<group>";
		};
/* End PBXVariantGroup section */

/* Begin XCBuildConfiguration section */
		6B8D92802462C08C00D14126 /* Debug */ = {
			isa = XCBuildConfiguration;
			buildSettings = {
				ALWAYS_SEARCH_USER_PATHS = NO;
				CLANG_ANALYZER_NONNULL = YES;
				CLANG_ANALYZER_NUMBER_OBJECT_CONVERSION = YES_AGGRESSIVE;
				CLANG_CXX_LANGUAGE_STANDARD = "gnu++14";
				CLANG_CXX_LIBRARY = "libc++";
				CLANG_ENABLE_MODULES = YES;
				CLANG_ENABLE_OBJC_ARC = YES;
				CLANG_ENABLE_OBJC_WEAK = YES;
				CLANG_WARN_BLOCK_CAPTURE_AUTORELEASING = YES;
				CLANG_WARN_BOOL_CONVERSION = YES;
				CLANG_WARN_COMMA = YES;
				CLANG_WARN_CONSTANT_CONVERSION = YES;
				CLANG_WARN_DEPRECATED_OBJC_IMPLEMENTATIONS = YES;
				CLANG_WARN_DIRECT_OBJC_ISA_USAGE = YES_ERROR;
				CLANG_WARN_DOCUMENTATION_COMMENTS = YES;
				CLANG_WARN_EMPTY_BODY = YES;
				CLANG_WARN_ENUM_CONVERSION = YES;
				CLANG_WARN_INFINITE_RECURSION = YES;
				CLANG_WARN_INT_CONVERSION = YES;
				CLANG_WARN_NON_LITERAL_NULL_CONVERSION = YES;
				CLANG_WARN_OBJC_IMPLICIT_RETAIN_SELF = YES;
				CLANG_WARN_OBJC_LITERAL_CONVERSION = YES;
				CLANG_WARN_OBJC_ROOT_CLASS = YES_ERROR;
				CLANG_WARN_RANGE_LOOP_ANALYSIS = YES;
				CLANG_WARN_STRICT_PROTOTYPES = YES;
				CLANG_WARN_SUSPICIOUS_MOVE = YES;
				CLANG_WARN_UNGUARDED_AVAILABILITY = YES_AGGRESSIVE;
				CLANG_WARN_UNREACHABLE_CODE = YES;
				CLANG_WARN__DUPLICATE_METHOD_MATCH = YES;
				COPY_PHASE_STRIP = NO;
				DEBUG_INFORMATION_FORMAT = dwarf;
				ENABLE_STRICT_OBJC_MSGSEND = YES;
				ENABLE_TESTABILITY = YES;
				GCC_C_LANGUAGE_STANDARD = gnu11;
				GCC_DYNAMIC_NO_PIC = NO;
				GCC_NO_COMMON_BLOCKS = YES;
				GCC_OPTIMIZATION_LEVEL = 0;
				GCC_PREPROCESSOR_DEFINITIONS = (
					"DEBUG=1",
					"$(inherited)",
				);
				GCC_WARN_64_TO_32_BIT_CONVERSION = YES;
				GCC_WARN_ABOUT_RETURN_TYPE = YES_ERROR;
				GCC_WARN_UNDECLARED_SELECTOR = YES;
				GCC_WARN_UNINITIALIZED_AUTOS = YES_AGGRESSIVE;
				GCC_WARN_UNUSED_FUNCTION = YES;
				GCC_WARN_UNUSED_VARIABLE = YES;
				IPHONEOS_DEPLOYMENT_TARGET = 13.4;
				MTL_ENABLE_DEBUG_INFO = INCLUDE_SOURCE;
				MTL_FAST_MATH = YES;
				ONLY_ACTIVE_ARCH = YES;
				SDKROOT = iphoneos;
				SWIFT_ACTIVE_COMPILATION_CONDITIONS = DEBUG;
				SWIFT_OPTIMIZATION_LEVEL = "-Onone";
			};
			name = Debug;
		};
		6B8D92812462C08C00D14126 /* Release */ = {
			isa = XCBuildConfiguration;
			buildSettings = {
				ALWAYS_SEARCH_USER_PATHS = NO;
				CLANG_ANALYZER_NONNULL = YES;
				CLANG_ANALYZER_NUMBER_OBJECT_CONVERSION = YES_AGGRESSIVE;
				CLANG_CXX_LANGUAGE_STANDARD = "gnu++14";
				CLANG_CXX_LIBRARY = "libc++";
				CLANG_ENABLE_MODULES = YES;
				CLANG_ENABLE_OBJC_ARC = YES;
				CLANG_ENABLE_OBJC_WEAK = YES;
				CLANG_WARN_BLOCK_CAPTURE_AUTORELEASING = YES;
				CLANG_WARN_BOOL_CONVERSION = YES;
				CLANG_WARN_COMMA = YES;
				CLANG_WARN_CONSTANT_CONVERSION = YES;
				CLANG_WARN_DEPRECATED_OBJC_IMPLEMENTATIONS = YES;
				CLANG_WARN_DIRECT_OBJC_ISA_USAGE = YES_ERROR;
				CLANG_WARN_DOCUMENTATION_COMMENTS = YES;
				CLANG_WARN_EMPTY_BODY = YES;
				CLANG_WARN_ENUM_CONVERSION = YES;
				CLANG_WARN_INFINITE_RECURSION = YES;
				CLANG_WARN_INT_CONVERSION = YES;
				CLANG_WARN_NON_LITERAL_NULL_CONVERSION = YES;
				CLANG_WARN_OBJC_IMPLICIT_RETAIN_SELF = YES;
				CLANG_WARN_OBJC_LITERAL_CONVERSION = YES;
				CLANG_WARN_OBJC_ROOT_CLASS = YES_ERROR;
				CLANG_WARN_RANGE_LOOP_ANALYSIS = YES;
				CLANG_WARN_STRICT_PROTOTYPES = YES;
				CLANG_WARN_SUSPICIOUS_MOVE = YES;
				CLANG_WARN_UNGUARDED_AVAILABILITY = YES_AGGRESSIVE;
				CLANG_WARN_UNREACHABLE_CODE = YES;
				CLANG_WARN__DUPLICATE_METHOD_MATCH = YES;
				COPY_PHASE_STRIP = NO;
				DEBUG_INFORMATION_FORMAT = "dwarf-with-dsym";
				ENABLE_NS_ASSERTIONS = NO;
				ENABLE_STRICT_OBJC_MSGSEND = YES;
				GCC_C_LANGUAGE_STANDARD = gnu11;
				GCC_NO_COMMON_BLOCKS = YES;
				GCC_WARN_64_TO_32_BIT_CONVERSION = YES;
				GCC_WARN_ABOUT_RETURN_TYPE = YES_ERROR;
				GCC_WARN_UNDECLARED_SELECTOR = YES;
				GCC_WARN_UNINITIALIZED_AUTOS = YES_AGGRESSIVE;
				GCC_WARN_UNUSED_FUNCTION = YES;
				GCC_WARN_UNUSED_VARIABLE = YES;
				IPHONEOS_DEPLOYMENT_TARGET = 13.4;
				MTL_ENABLE_DEBUG_INFO = NO;
				MTL_FAST_MATH = YES;
				SDKROOT = iphoneos;
				SWIFT_COMPILATION_MODE = wholemodule;
				SWIFT_OPTIMIZATION_LEVEL = "-O";
				VALIDATE_PRODUCT = YES;
			};
			name = Release;
		};
		6B8D92832462C08C00D14126 /* Debug */ = {
			isa = XCBuildConfiguration;
			buildSettings = {
				ASSETCATALOG_COMPILER_APPICON_NAME = AppIcon;
				CODE_SIGN_STYLE = Automatic;
				DEVELOPMENT_ASSET_PATHS = "\"DemoRepoCommun/Preview Content\"";
				ENABLE_PREVIEWS = YES;
				INFOPLIST_FILE = DemoRepoCommun/Info.plist;
				LD_RUNPATH_SEARCH_PATHS = (
					"$(inherited)",
					"@executable_path/Frameworks",
				);
				PRODUCT_BUNDLE_IDENTIFIER = com.AFP.iliasse.DemoRepoCommun;
				PRODUCT_NAME = "$(TARGET_NAME)";
				SWIFT_VERSION = 5.0;
				TARGETED_DEVICE_FAMILY = "1,2";
			};
			name = Debug;
		};
		6B8D92842462C08C00D14126 /* Release */ = {
			isa = XCBuildConfiguration;
			buildSettings = {
				ASSETCATALOG_COMPILER_APPICON_NAME = AppIcon;
				CODE_SIGN_STYLE = Automatic;
				DEVELOPMENT_ASSET_PATHS = "\"DemoRepoCommun/Preview Content\"";
				ENABLE_PREVIEWS = YES;
				INFOPLIST_FILE = DemoRepoCommun/Info.plist;
				LD_RUNPATH_SEARCH_PATHS = (
					"$(inherited)",
					"@executable_path/Frameworks",
				);
				PRODUCT_BUNDLE_IDENTIFIER = com.AFP.iliasse.DemoRepoCommun;
				PRODUCT_NAME = "$(TARGET_NAME)";
				SWIFT_VERSION = 5.0;
				TARGETED_DEVICE_FAMILY = "1,2";
			};
			name = Release;
		};
/* End XCBuildConfiguration section */

/* Begin XCConfigurationList section */
		6B8D92692462C08B00D14126 /* Build configuration list for PBXProject "DemoRepoCommun" */ = {
			isa = XCConfigurationList;
			buildConfigurations = (
				6B8D92802462C08C00D14126 /* Debug */,
				6B8D92812462C08C00D14126 /* Release */,
			);
			defaultConfigurationIsVisible = 0;
			defaultConfigurationName = Release;
		};
		6B8D92822462C08C00D14126 /* Build configuration list for PBXNativeTarget "DemoRepoCommun" */ = {
			isa = XCConfigurationList;
			buildConfigurations = (
				6B8D92832462C08C00D14126 /* Debug */,
				6B8D92842462C08C00D14126 /* Release */,
			);
			defaultConfigurationIsVisible = 0;
			defaultConfigurationName = Release;
		};
/* End XCConfigurationList section */
	};
	rootObject = 6B8D92662462C08B00D14126 /* Project object */;
}
